PODS:
  - Alamofire (5.6.2)
  - SnapKit (5.6.0)
  - Swinject (2.8.2)

DEPENDENCIES:
  - Alamofire
  - SnapKit
  - Swinject

SPEC REPOS:
  trunk:
    - Alamofire
    - SnapKit
    - Swinject

SPEC CHECKSUMS:
  Alamofire: d368e1ff8a298e6dde360e35a3e68e6c610e7204
  SnapKit: e01d52ebb8ddbc333eefe2132acf85c8227d9c25
  Swinject: b4a11b31992e8668308dc594ba1cb9b3164a37ab

PODFILE CHECKSUM: a8ceb29d9aa8677549dc6cacd44c1c492dfe7555

COCOAPODS: 1.11.3
