{
  "pins" : [
    {
      "identity" : "mangaqueimage",
      "kind" : "remoteSourceControl",
      "location" : "https://github.com/jscelle/MangaqueImage",
      "state" : {
        "branch" : "main",
        "revision" : "b454a23aaaacbcf448ad5892985311dfc4f753b0"
      }
    }
  ],
  "version" : 2
}
