// !$*UTF8*$!
{
	archiveVersion = 1;
	classes = {
	};
	objectVersion = 55;
	objects = {

/* Begin PBXBuildFile section */
		25A3780467993B5F7A96BD47 /* Pods_mangaque.framework in Frameworks */ = {isa = PBXBuildFile; fileRef = A4C962F234FAB7EA14E75945 /* Pods_mangaque.framework */; };
		9B98315728A2D7E80053A472 /* AppDelegate.swift in Sources */ = {isa = PBXBuildFile; fileRef = 9B98315628A2D7E80053A472 /* AppDelegate.swift */; };
		9B98315928A2D7E80053A472 /* SceneDelegate.swift in Sources */ = {isa = PBXBuildFile; fileRef = 9B98315828A2D7E80053A472 /* SceneDelegate.swift */; };
		9B98315B28A2D7E80053A472 /* ViewController.swift in Sources */ = {isa = PBXBuildFile; fileRef = 9B98315A28A2D7E80053A472 /* ViewController.swift */; };
		9B98316028A2D7E80053A472 /* Assets.xcassets in Resources */ = {isa = PBXBuildFile; fileRef = 9B98315F28A2D7E80053A472 /* Assets.xcassets */; };
		9B98317028A2DA7A0053A472 /* BaseNetworkManager.swift in Sources */ = {isa = PBXBuildFile; fileRef = 9B98316F28A2DA7A0053A472 /* BaseNetworkManager.swift */; };
		9B98317228A2DB030053A472 /* BaseRouteBuilder.swift in Sources */ = {isa = PBXBuildFile; fileRef = 9B98317128A2DB030053A472 /* BaseRouteBuilder.swift */; };
/* End PBXBuildFile section */

/* Begin PBXFileReference section */
		44FD2EA353DF4E76FA271A0D /* Pods-mangaque.debug.xcconfig */ = {isa = PBXFileReference; includeInIndex = 1; lastKnownFileType = text.xcconfig; name = "Pods-mangaque.debug.xcconfig"; path = "Target Support Files/Pods-mangaque/Pods-mangaque.debug.xcconfig"; sourceTree = "<group>"; };
		7F71C5195EA00DD16A81AC27 /* Pods-mangaque.release.xcconfig */ = {isa = PBXFileReference; includeInIndex = 1; lastKnownFileType = text.xcconfig; name = "Pods-mangaque.release.xcconfig"; path = "Target Support Files/Pods-mangaque/Pods-mangaque.release.xcconfig"; sourceTree = "<group>"; };
		9B98315328A2D7E80053A472 /* mangaque.app */ = {isa = PBXFileReference; explicitFileType = wrapper.application; includeInIndex = 0; path = mangaque.app; sourceTree = BUILT_PRODUCTS_DIR; };
		9B98315628A2D7E80053A472 /* AppDelegate.swift */ = {isa = PBXFileReference; lastKnownFileType = sourcecode.swift; path = AppDelegate.swift; sourceTree = "<group>"; };
		9B98315828A2D7E80053A472 /* SceneDelegate.swift */ = {isa = PBXFileReference; lastKnownFileType = sourcecode.swift; path = SceneDelegate.swift; sourceTree = "<group>"; };
		9B98315A28A2D7E80053A472 /* ViewController.swift */ = {isa = PBXFileReference; lastKnownFileType = sourcecode.swift; path = ViewController.swift; sourceTree = "<group>"; };
		9B98315F28A2D7E80053A472 /* Assets.xcassets */ = {isa = PBXFileReference; lastKnownFileType = folder.assetcatalog; path = Assets.xcassets; sourceTree = "<group>"; };
		9B98316428A2D7E80053A472 /* Info.plist */ = {isa = PBXFileReference; lastKnownFileType = text.plist.xml; path = Info.plist; sourceTree = "<group>"; };
		9B98316F28A2DA7A0053A472 /* BaseNetworkManager.swift */ = {isa = PBXFileReference; lastKnownFileType = sourcecode.swift; path = BaseNetworkManager.swift; sourceTree = "<group>"; };
		9B98317128A2DB030053A472 /* BaseRouteBuilder.swift */ = {isa = PBXFileReference; lastKnownFileType = sourcecode.swift; path = BaseRouteBuilder.swift; sourceTree = "<group>"; };
		A4C962F234FAB7EA14E75945 /* Pods_mangaque.framework */ = {isa = PBXFileReference; explicitFileType = wrapper.framework; includeInIndex = 0; path = Pods_mangaque.framework; sourceTree = BUILT_PRODUCTS_DIR; };
/* End PBXFileReference section */

/* Begin PBXFrameworksBuildPhase section */
		9B98315028A2D7E80053A472 /* Frameworks */ = {
			isa = PBXFrameworksBuildPhase;
			buildActionMask = 2147483647;
			files = (
				25A3780467993B5F7A96BD47 /* Pods_mangaque.framework in Frameworks */,
			);
			runOnlyForDeploymentPostprocessing = 0;
		};
/* End PBXFrameworksBuildPhase section */

/* Begin PBXGroup section */
		35E9FD874B4744CB30286B11 /* Frameworks */ = {
			isa = PBXGroup;
			children = (
				A4C962F234FAB7EA14E75945 /* Pods_mangaque.framework */,
			);
			name = Frameworks;
			sourceTree = "<group>";
		};
		418EF790E49FE4A9DCB6C5F1 /* Pods */ = {
			isa = PBXGroup;
			children = (
				44FD2EA353DF4E76FA271A0D /* Pods-mangaque.debug.xcconfig */,
				7F71C5195EA00DD16A81AC27 /* Pods-mangaque.release.xcconfig */,
			);
			path = Pods;
			sourceTree = "<group>";
		};
		9B98314A28A2D7E80053A472 = {
			isa = PBXGroup;
			children = (
				9B98315528A2D7E80053A472 /* mangaque */,
				9B98315428A2D7E80053A472 /* Products */,
				418EF790E49FE4A9DCB6C5F1 /* Pods */,
				35E9FD874B4744CB30286B11 /* Frameworks */,
			);
			sourceTree = "<group>";
		};
		9B98315428A2D7E80053A472 /* Products */ = {
			isa = PBXGroup;
			children = (
				9B98315328A2D7E80053A472 /* mangaque.app */,
			);
			name = Products;
			sourceTree = "<group>";
		};
		9B98315528A2D7E80053A472 /* mangaque */ = {
			isa = PBXGroup;
			children = (
				9B98317328A2DD9D0053A472 /* Application */,
				9B98316C28A2DA3F0053A472 /* Network */,
				9B98316B28A2D91F0053A472 /* Views */,
				9B98316A28A2D9180053A472 /* ViewControllers */,
				9B98315F28A2D7E80053A472 /* Assets.xcassets */,
				9B98316428A2D7E80053A472 /* Info.plist */,
			);
			path = mangaque;
			sourceTree = "<group>";
		};
		9B98316A28A2D9180053A472 /* ViewControllers */ = {
			isa = PBXGroup;
			children = (
				9B98315A28A2D7E80053A472 /* ViewController.swift */,
			);
			path = ViewControllers;
			sourceTree = "<group>";
		};
		9B98316B28A2D91F0053A472 /* Views */ = {
			isa = PBXGroup;
			children = (
			);
			path = Views;
			sourceTree = "<group>";
		};
		9B98316C28A2DA3F0053A472 /* Network */ = {
			isa = PBXGroup;
			children = (
				9B98316E28A2DA590053A472 /* Managers */,
				9B98316D28A2DA4F0053A472 /* API */,
			);
			path = Network;
			sourceTree = "<group>";
		};
		9B98316D28A2DA4F0053A472 /* API */ = {
			isa = PBXGroup;
			children = (
				9B98317128A2DB030053A472 /* BaseRouteBuilder.swift */,
			);
			path = API;
			sourceTree = "<group>";
		};
		9B98316E28A2DA590053A472 /* Managers */ = {
			isa = PBXGroup;
			children = (
				9B98316F28A2DA7A0053A472 /* BaseNetworkManager.swift */,
			);
			path = Managers;
			sourceTree = "<group>";
		};
		9B98317328A2DD9D0053A472 /* Application */ = {
			isa = PBXGroup;
			children = (
				9B98315628A2D7E80053A472 /* AppDelegate.swift */,
				9B98315828A2D7E80053A472 /* SceneDelegate.swift */,
			);
			path = Application;
			sourceTree = "<group>";
		};
/* End PBXGroup section */

/* Begin PBXNativeTarget section */
		9B98315228A2D7E80053A472 /* mangaque */ = {
			isa = PBXNativeTarget;
			buildConfigurationList = 9B98316728A2D7E80053A472 /* Build configuration list for PBXNativeTarget "mangaque" */;
			buildPhases = (
				355CA71F1F3EF664C153399E /* [CP] Check Pods Manifest.lock */,
				9B98314F28A2D7E80053A472 /* Sources */,
				9B98315028A2D7E80053A472 /* Frameworks */,
				9B98315128A2D7E80053A472 /* Resources */,
				50E8CDC8443CEC374D9FB4AD /* [CP] Embed Pods Frameworks */,
			);
			buildRules = (
			);
			dependencies = (
			);
			name = mangaque;
			productName = mangaque;
			productReference = 9B98315328A2D7E80053A472 /* mangaque.app */;
			productType = "com.apple.product-type.application";
		};
/* End PBXNativeTarget section */

/* Begin PBXProject section */
		9B98314B28A2D7E80053A472 /* Project object */ = {
			isa = PBXProject;
			attributes = {
				BuildIndependentTargetsInParallel = 1;
				LastSwiftUpdateCheck = 1340;
				LastUpgradeCheck = 1340;
				TargetAttributes = {
					9B98315228A2D7E80053A472 = {
						CreatedOnToolsVersion = 13.4;
					};
				};
			};
			buildConfigurationList = 9B98314E28A2D7E80053A472 /* Build configuration list for PBXProject "mangaque" */;
			compatibilityVersion = "Xcode 13.0";
			developmentRegion = en;
			hasScannedForEncodings = 0;
			knownRegions = (
				en,
				Base,
			);
			mainGroup = 9B98314A28A2D7E80053A472;
			productRefGroup = 9B98315428A2D7E80053A472 /* Products */;
			projectDirPath = "";
			projectRoot = "";
			targets = (
				9B98315228A2D7E80053A472 /* mangaque */,
			);
		};
/* End PBXProject section */

/* Begin PBXResourcesBuildPhase section */
		9B98315128A2D7E80053A472 /* Resources */ = {
			isa = PBXResourcesBuildPhase;
			buildActionMask = 2147483647;
			files = (
				9B98316028A2D7E80053A472 /* Assets.xcassets in Resources */,
			);
			runOnlyForDeploymentPostprocessing = 0;
		};
/* End PBXResourcesBuildPhase section */

/* Begin PBXShellScriptBuildPhase section */
		355CA71F1F3EF664C153399E /* [CP] Check Pods Manifest.lock */ = {
			isa = PBXShellScriptBuildPhase;
			buildActionMask = 2147483647;
			files = (
			);
			inputFileListPaths = (
			);
			inputPaths = (
				"${PODS_PODFILE_DIR_PATH}/Podfile.lock",
				"${PODS_ROOT}/Manifest.lock",
			);
			name = "[CP] Check Pods Manifest.lock";
			outputFileListPaths = (
			);
			outputPaths = (
				"$(DERIVED_FILE_DIR)/Pods-mangaque-checkManifestLockResult.txt",
			);
			runOnlyForDeploymentPostprocessing = 0;
			shellPath = /bin/sh;
			shellScript = "diff \"${PODS_PODFILE_DIR_PATH}/Podfile.lock\" \"${PODS_ROOT}/Manifest.lock\" > /dev/null\nif [ $? != 0 ] ; then\n    # print error to STDERR\n    echo \"error: The sandbox is not in sync with the Podfile.lock. Run 'pod install' or update your CocoaPods installation.\" >&2\n    exit 1\nfi\n# This output is used by Xcode 'outputs' to avoid re-running this script phase.\necho \"SUCCESS\" > \"${SCRIPT_OUTPUT_FILE_0}\"\n";
			showEnvVarsInLog = 0;
		};
		50E8CDC8443CEC374D9FB4AD /* [CP] Embed Pods Frameworks */ = {
			isa = PBXShellScriptBuildPhase;
			buildActionMask = 2147483647;
			files = (
			);
			inputFileListPaths = (
				"${PODS_ROOT}/Target Support Files/Pods-mangaque/Pods-mangaque-frameworks-${CONFIGURATION}-input-files.xcfilelist",
			);
			name = "[CP] Embed Pods Frameworks";
			outputFileListPaths = (
				"${PODS_ROOT}/Target Support Files/Pods-mangaque/Pods-mangaque-frameworks-${CONFIGURATION}-output-files.xcfilelist",
			);
			runOnlyForDeploymentPostprocessing = 0;
			shellPath = /bin/sh;
			shellScript = "\"${PODS_ROOT}/Target Support Files/Pods-mangaque/Pods-mangaque-frameworks.sh\"\n";
			showEnvVarsInLog = 0;
		};
/* End PBXShellScriptBuildPhase section */

/* Begin PBXSourcesBuildPhase section */
		9B98314F28A2D7E80053A472 /* Sources */ = {
			isa = PBXSourcesBuildPhase;
			buildActionMask = 2147483647;
			files = (
				9B98315B28A2D7E80053A472 /* ViewController.swift in Sources */,
				9B98315728A2D7E80053A472 /* AppDelegate.swift in Sources */,
				9B98315928A2D7E80053A472 /* SceneDelegate.swift in Sources */,
				9B98317228A2DB030053A472 /* BaseRouteBuilder.swift in Sources */,
				9B98317028A2DA7A0053A472 /* BaseNetworkManager.swift in Sources */,
			);
			runOnlyForDeploymentPostprocessing = 0;
		};
/* End PBXSourcesBuildPhase section */

/* Begin XCBuildConfiguration section */
		9B98316528A2D7E80053A472 /* Debug */ = {
			isa = XCBuildConfiguration;
			buildSettings = {
				ALWAYS_SEARCH_USER_PATHS = NO;
				CLANG_ANALYZER_NONNULL = YES;
				CLANG_ANALYZER_NUMBER_OBJECT_CONVERSION = YES_AGGRESSIVE;
				CLANG_CXX_LANGUAGE_STANDARD = "gnu++17";
				CLANG_ENABLE_MODULES = YES;
				CLANG_ENABLE_OBJC_ARC = YES;
				CLANG_ENABLE_OBJC_WEAK = YES;
				CLANG_WARN_BLOCK_CAPTURE_AUTORELEASING = YES;
				CLANG_WARN_BOOL_CONVERSION = YES;
				CLANG_WARN_COMMA = YES;
				CLANG_WARN_CONSTANT_CONVERSION = YES;
				CLANG_WARN_DEPRECATED_OBJC_IMPLEMENTATIONS = YES;
				CLANG_WARN_DIRECT_OBJC_ISA_USAGE = YES_ERROR;
				CLANG_WARN_DOCUMENTATION_COMMENTS = YES;
				CLANG_WARN_EMPTY_BODY = YES;
				CLANG_WARN_ENUM_CONVERSION = YES;
				CLANG_WARN_INFINITE_RECURSION = YES;
				CLANG_WARN_INT_CONVERSION = YES;
				CLANG_WARN_NON_LITERAL_NULL_CONVERSION = YES;
				CLANG_WARN_OBJC_IMPLICIT_RETAIN_SELF = YES;
				CLANG_WARN_OBJC_LITERAL_CONVERSION = YES;
				CLANG_WARN_OBJC_ROOT_CLASS = YES_ERROR;
				CLANG_WARN_QUOTED_INCLUDE_IN_FRAMEWORK_HEADER = YES;
				CLANG_WARN_RANGE_LOOP_ANALYSIS = YES;
				CLANG_WARN_STRICT_PROTOTYPES = YES;
				CLANG_WARN_SUSPICIOUS_MOVE = YES;
				CLANG_WARN_UNGUARDED_AVAILABILITY = YES_AGGRESSIVE;
				CLANG_WARN_UNREACHABLE_CODE = YES;
				CLANG_WARN__DUPLICATE_METHOD_MATCH = YES;
				COPY_PHASE_STRIP = NO;
				DEBUG_INFORMATION_FORMAT = dwarf;
				ENABLE_STRICT_OBJC_MSGSEND = YES;
				ENABLE_TESTABILITY = YES;
				GCC_C_LANGUAGE_STANDARD = gnu11;
				GCC_DYNAMIC_NO_PIC = NO;
				GCC_NO_COMMON_BLOCKS = YES;
				GCC_OPTIMIZATION_LEVEL = 0;
				GCC_PREPROCESSOR_DEFINITIONS = (
					"DEBUG=1",
					"$(inherited)",
				);
				GCC_WARN_64_TO_32_BIT_CONVERSION = YES;
				GCC_WARN_ABOUT_RETURN_TYPE = YES_ERROR;
				GCC_WARN_UNDECLARED_SELECTOR = YES;
				GCC_WARN_UNINITIALIZED_AUTOS = YES_AGGRESSIVE;
				GCC_WARN_UNUSED_FUNCTION = YES;
				GCC_WARN_UNUSED_VARIABLE = YES;
				IPHONEOS_DEPLOYMENT_TARGET = 15.5;
				MTL_ENABLE_DEBUG_INFO = INCLUDE_SOURCE;
				MTL_FAST_MATH = YES;
				ONLY_ACTIVE_ARCH = YES;
				SDKROOT = iphoneos;
				SWIFT_ACTIVE_COMPILATION_CONDITIONS = DEBUG;
				SWIFT_OPTIMIZATION_LEVEL = "-Onone";
			};
			name = Debug;
		};
		9B98316628A2D7E80053A472 /* Release */ = {
			isa = XCBuildConfiguration;
			buildSettings = {
				ALWAYS_SEARCH_USER_PATHS = NO;
				CLANG_ANALYZER_NONNULL = YES;
				CLANG_ANALYZER_NUMBER_OBJECT_CONVERSION = YES_AGGRESSIVE;
				CLANG_CXX_LANGUAGE_STANDARD = "gnu++17";
				CLANG_ENABLE_MODULES = YES;
				CLANG_ENABLE_OBJC_ARC = YES;
				CLANG_ENABLE_OBJC_WEAK = YES;
				CLANG_WARN_BLOCK_CAPTURE_AUTORELEASING = YES;
				CLANG_WARN_BOOL_CONVERSION = YES;
				CLANG_WARN_COMMA = YES;
				CLANG_WARN_CONSTANT_CONVERSION = YES;
				CLANG_WARN_DEPRECATED_OBJC_IMPLEMENTATIONS = YES;
				CLANG_WARN_DIRECT_OBJC_ISA_USAGE = YES_ERROR;
				CLANG_WARN_DOCUMENTATION_COMMENTS = YES;
				CLANG_WARN_EMPTY_BODY = YES;
				CLANG_WARN_ENUM_CONVERSION = YES;
				CLANG_WARN_INFINITE_RECURSION = YES;
				CLANG_WARN_INT_CONVERSION = YES;
				CLANG_WARN_NON_LITERAL_NULL_CONVERSION = YES;
				CLANG_WARN_OBJC_IMPLICIT_RETAIN_SELF = YES;
				CLANG_WARN_OBJC_LITERAL_CONVERSION = YES;
				CLANG_WARN_OBJC_ROOT_CLASS = YES_ERROR;
				CLANG_WARN_QUOTED_INCLUDE_IN_FRAMEWORK_HEADER = YES;
				CLANG_WARN_RANGE_LOOP_ANALYSIS = YES;
				CLANG_WARN_STRICT_PROTOTYPES = YES;
				CLANG_WARN_SUSPICIOUS_MOVE = YES;
				CLANG_WARN_UNGUARDED_AVAILABILITY = YES_AGGRESSIVE;
				CLANG_WARN_UNREACHABLE_CODE = YES;
				CLANG_WARN__DUPLICATE_METHOD_MATCH = YES;
				COPY_PHASE_STRIP = NO;
				DEBUG_INFORMATION_FORMAT = "dwarf-with-dsym";
				ENABLE_NS_ASSERTIONS = NO;
				ENABLE_STRICT_OBJC_MSGSEND = YES;
				GCC_C_LANGUAGE_STANDARD = gnu11;
				GCC_NO_COMMON_BLOCKS = YES;
				GCC_WARN_64_TO_32_BIT_CONVERSION = YES;
				GCC_WARN_ABOUT_RETURN_TYPE = YES_ERROR;
				GCC_WARN_UNDECLARED_SELECTOR = YES;
				GCC_WARN_UNINITIALIZED_AUTOS = YES_AGGRESSIVE;
				GCC_WARN_UNUSED_FUNCTION = YES;
				GCC_WARN_UNUSED_VARIABLE = YES;
				IPHONEOS_DEPLOYMENT_TARGET = 15.5;
				MTL_ENABLE_DEBUG_INFO = NO;
				MTL_FAST_MATH = YES;
				SDKROOT = iphoneos;
				SWIFT_COMPILATION_MODE = wholemodule;
				SWIFT_OPTIMIZATION_LEVEL = "-O";
				VALIDATE_PRODUCT = YES;
			};
			name = Release;
		};
		9B98316828A2D7E80053A472 /* Debug */ = {
			isa = XCBuildConfiguration;
			baseConfigurationReference = 44FD2EA353DF4E76FA271A0D /* Pods-mangaque.debug.xcconfig */;
			buildSettings = {
				ASSETCATALOG_COMPILER_APPICON_NAME = AppIcon;
				ASSETCATALOG_COMPILER_GLOBAL_ACCENT_COLOR_NAME = AccentColor;
				CODE_SIGN_STYLE = Automatic;
				CURRENT_PROJECT_VERSION = 1;
				DEVELOPMENT_TEAM = 4Y587KMYF2;
				GENERATE_INFOPLIST_FILE = YES;
				INFOPLIST_FILE = mangaque/Info.plist;
				INFOPLIST_KEY_UIApplicationSupportsIndirectInputEvents = YES;
				INFOPLIST_KEY_UILaunchStoryboardName = LaunchScreen;
				INFOPLIST_KEY_UIMainStoryboardFile = Main;
				INFOPLIST_KEY_UISupportedInterfaceOrientations_iPad = "UIInterfaceOrientationPortrait UIInterfaceOrientationPortraitUpsideDown UIInterfaceOrientationLandscapeLeft UIInterfaceOrientationLandscapeRight";
				INFOPLIST_KEY_UISupportedInterfaceOrientations_iPhone = "UIInterfaceOrientationPortrait UIInterfaceOrientationLandscapeLeft UIInterfaceOrientationLandscapeRight";
				LD_RUNPATH_SEARCH_PATHS = (
					"$(inherited)",
					"@executable_path/Frameworks",
				);
				MARKETING_VERSION = 1.0;
				PRODUCT_BUNDLE_IDENTIFIER = app.mangaque;
				PRODUCT_NAME = "$(TARGET_NAME)";
				SWIFT_EMIT_LOC_STRINGS = YES;
				SWIFT_VERSION = 5.0;
				TARGETED_DEVICE_FAMILY = "1,2";
			};
			name = Debug;
		};
		9B98316928A2D7E80053A472 /* Release */ = {
			isa = XCBuildConfiguration;
			baseConfigurationReference = 7F71C5195EA00DD16A81AC27 /* Pods-mangaque.release.xcconfig */;
			buildSettings = {
				ASSETCATALOG_COMPILER_APPICON_NAME = AppIcon;
				ASSETCATALOG_COMPILER_GLOBAL_ACCENT_COLOR_NAME = AccentColor;
				CODE_SIGN_STYLE = Automatic;
				CURRENT_PROJECT_VERSION = 1;
				DEVELOPMENT_TEAM = 4Y587KMYF2;
				GENERATE_INFOPLIST_FILE = YES;
				INFOPLIST_FILE = mangaque/Info.plist;
				INFOPLIST_KEY_UIApplicationSupportsIndirectInputEvents = YES;
				INFOPLIST_KEY_UILaunchStoryboardName = LaunchScreen;
				INFOPLIST_KEY_UIMainStoryboardFile = Main;
				INFOPLIST_KEY_UISupportedInterfaceOrientations_iPad = "UIInterfaceOrientationPortrait UIInterfaceOrientationPortraitUpsideDown UIInterfaceOrientationLandscapeLeft UIInterfaceOrientationLandscapeRight";
				INFOPLIST_KEY_UISupportedInterfaceOrientations_iPhone = "UIInterfaceOrientationPortrait UIInterfaceOrientationLandscapeLeft UIInterfaceOrientationLandscapeRight";
				LD_RUNPATH_SEARCH_PATHS = (
					"$(inherited)",
					"@executable_path/Frameworks",
				);
				MARKETING_VERSION = 1.0;
				PRODUCT_BUNDLE_IDENTIFIER = app.mangaque;
				PRODUCT_NAME = "$(TARGET_NAME)";
				SWIFT_EMIT_LOC_STRINGS = YES;
				SWIFT_VERSION = 5.0;
				TARGETED_DEVICE_FAMILY = "1,2";
			};
			name = Release;
		};
/* End XCBuildConfiguration section */

/* Begin XCConfigurationList section */
		9B98314E28A2D7E80053A472 /* Build configuration list for PBXProject "mangaque" */ = {
			isa = XCConfigurationList;
			buildConfigurations = (
				9B98316528A2D7E80053A472 /* Debug */,
				9B98316628A2D7E80053A472 /* Release */,
			);
			defaultConfigurationIsVisible = 0;
			defaultConfigurationName = Release;
		};
		9B98316728A2D7E80053A472 /* Build configuration list for PBXNativeTarget "mangaque" */ = {
			isa = XCConfigurationList;
			buildConfigurations = (
				9B98316828A2D7E80053A472 /* Debug */,
				9B98316928A2D7E80053A472 /* Release */,
			);
			defaultConfigurationIsVisible = 0;
			defaultConfigurationName = Release;
		};
/* End XCConfigurationList section */
	};
	rootObject = 9B98314B28A2D7E80053A472 /* Project object */;
}
