// !$*UTF8*$!
{
	archiveVersion = 1;
	classes = {
	};
	objectVersion = 55;
	objects = {

/* Begin PBXBuildFile section */
		25A3780467993B5F7A96BD47 /* Pods_mangaque.framework in Frameworks */ = {isa = PBXBuildFile; fileRef = A4C962F234FAB7EA14E75945 /* Pods_mangaque.framework */; };
		9B346FE028A3EE0000861B20 /* R.generated.swift in Sources */ = {isa = PBXBuildFile; fileRef = 9B346FDF28A3EE0000861B20 /* R.generated.swift */; };
		9B34700528A56DF800861B20 /* MangaCollectionViewCell.swift in Sources */ = {isa = PBXBuildFile; fileRef = 9B34700428A56DF800861B20 /* MangaCollectionViewCell.swift */; };
		9B34700C28A581CE00861B20 /* Colours.xcassets in Resources */ = {isa = PBXBuildFile; fileRef = 9B34700B28A581CE00861B20 /* Colours.xcassets */; };
		9B98315728A2D7E80053A472 /* AppDelegate.swift in Sources */ = {isa = PBXBuildFile; fileRef = 9B98315628A2D7E80053A472 /* AppDelegate.swift */; };
		9B98315928A2D7E80053A472 /* SceneDelegate.swift in Sources */ = {isa = PBXBuildFile; fileRef = 9B98315828A2D7E80053A472 /* SceneDelegate.swift */; };
		9B98317628A3B42E0053A472 /* Configuration.swift in Sources */ = {isa = PBXBuildFile; fileRef = 9B98317528A3B42E0053A472 /* Configuration.swift */; };
		9B98318128A3DB5D0053A472 /* AggregateModel.swift in Sources */ = {isa = PBXBuildFile; fileRef = 9B98318028A3DB5D0053A472 /* AggregateModel.swift */; };
		9B98318828A3E06F0053A472 /* MangaViewData.swift in Sources */ = {isa = PBXBuildFile; fileRef = 9B98318728A3E06F0053A472 /* MangaViewData.swift */; };
		9B98318E28A3E2CA0053A472 /* Assets.xcassets in Resources */ = {isa = PBXBuildFile; fileRef = 9B98315F28A2D7E80053A472 /* Assets.xcassets */; };
		A410698828D20E7A005D7CDA /* SearchCoordinator.swift in Sources */ = {isa = PBXBuildFile; fileRef = A410698728D20E7A005D7CDA /* SearchCoordinator.swift */; };
		A41069AC28D35681005D7CDA /* UIColor + TextColor.swift in Sources */ = {isa = PBXBuildFile; fileRef = A41069AB28D35681005D7CDA /* UIColor + TextColor.swift */; };
		A41069AE28D356AF005D7CDA /* CGImage + AverageColor.swift in Sources */ = {isa = PBXBuildFile; fileRef = A41069AD28D356AF005D7CDA /* CGImage + AverageColor.swift */; };
		A41069B028D356E6005D7CDA /* UIColor + Blend.swift in Sources */ = {isa = PBXBuildFile; fileRef = A41069AF28D356E6005D7CDA /* UIColor + Blend.swift */; };
		A41069B228D356FB005D7CDA /* Array + Group.swift in Sources */ = {isa = PBXBuildFile; fileRef = A41069B128D356FB005D7CDA /* Array + Group.swift */; };
		A41069B428D35722005D7CDA /* UIImage + ScaleOrient.swift in Sources */ = {isa = PBXBuildFile; fileRef = A41069B328D35722005D7CDA /* UIImage + ScaleOrient.swift */; };
		A41069B628D35742005D7CDA /* CGRect + ConvertBounds.swift in Sources */ = {isa = PBXBuildFile; fileRef = A41069B528D35742005D7CDA /* CGRect + ConvertBounds.swift */; };
		A41069B828D379CE005D7CDA /* Navigatable.swift in Sources */ = {isa = PBXBuildFile; fileRef = A41069B728D379CE005D7CDA /* Navigatable.swift */; };
		A4819FD028AE33AA008D9EAB /* ChapterDataModel.swift in Sources */ = {isa = PBXBuildFile; fileRef = A4819FCF28AE33AA008D9EAB /* ChapterDataModel.swift */; };
		A4819FD328AE38D7008D9EAB /* MangaPageTableView.swift in Sources */ = {isa = PBXBuildFile; fileRef = A4819FD228AE38D7008D9EAB /* MangaPageTableView.swift */; };
		A4819FD528AE38FA008D9EAB /* MangaPageTableViewCell.swift in Sources */ = {isa = PBXBuildFile; fileRef = A4819FD428AE38FA008D9EAB /* MangaPageTableViewCell.swift */; };
		A4819FDE28AF705C008D9EAB /* MangaErrors.swift in Sources */ = {isa = PBXBuildFile; fileRef = A4819FDD28AF705C008D9EAB /* MangaErrors.swift */; };
		A493BC8628D4999E0009FE2B /* Coordinator.swift in Sources */ = {isa = PBXBuildFile; fileRef = A493BC8528D4999E0009FE2B /* Coordinator.swift */; };
		A4EDEAA828BCF9BA00331C91 /* ViewModel.swift in Sources */ = {isa = PBXBuildFile; fileRef = A4EDEAA728BCF9BA00331C91 /* ViewModel.swift */; };
		A4EDEAAE28BDF2C600331C91 /* ViewController.swift in Sources */ = {isa = PBXBuildFile; fileRef = A4EDEAAD28BDF2C600331C91 /* ViewController.swift */; };
		A4EDEAB828BE1C2600331C91 /* UIView + Blur.swift in Sources */ = {isa = PBXBuildFile; fileRef = A4EDEAB728BE1C2600331C91 /* UIView + Blur.swift */; };
		A4EDEABD28BE4CA000331C91 /* SearchViewController.swift in Sources */ = {isa = PBXBuildFile; fileRef = A4EDEABC28BE4CA000331C91 /* SearchViewController.swift */; };
		A4EDEABF28BE4CFD00331C91 /* SearchViewModel.swift in Sources */ = {isa = PBXBuildFile; fileRef = A4EDEABE28BE4CFD00331C91 /* SearchViewModel.swift */; };
		A4EDEAC428BE619400331C91 /* SearchCollectionView.swift in Sources */ = {isa = PBXBuildFile; fileRef = A4EDEAC328BE619400331C91 /* SearchCollectionView.swift */; };
		A4EDEACC28BE655D00331C91 /* TableCell.swift in Sources */ = {isa = PBXBuildFile; fileRef = A4EDEACB28BE655D00331C91 /* TableCell.swift */; };
		A4EDEAD828C20B6800331C91 /* EmptyModel.swift in Sources */ = {isa = PBXBuildFile; fileRef = A4EDEAD728C20B6800331C91 /* EmptyModel.swift */; };
		A4EDEAFA28C4DC4700331C91 /* SingleMangaAPI.swift in Sources */ = {isa = PBXBuildFile; fileRef = A4EDEAF928C4DC4700331C91 /* SingleMangaAPI.swift */; };
		A4EDEAFC28C4DC7200331C91 /* MangaAPI.swift in Sources */ = {isa = PBXBuildFile; fileRef = A4EDEAFB28C4DC7200331C91 /* MangaAPI.swift */; };
		A4EDEB0D28CB257400331C91 /* ImageRedrawer.swift in Sources */ = {isa = PBXBuildFile; fileRef = A4EDEB0C28CB257400331C91 /* ImageRedrawer.swift */; };
		A4EDEB1028CDDB4A00331C91 /* Secured.swift in Sources */ = {isa = PBXBuildFile; fileRef = A4EDEB0F28CDDB4A00331C91 /* Secured.swift */; };
		A4EDEB1228CDDB9800331C91 /* TranslatorAPI.swift in Sources */ = {isa = PBXBuildFile; fileRef = A4EDEB1128CDDB9800331C91 /* TranslatorAPI.swift */; };
		A4EDEB1428CDDFAF00331C91 /* TranslatorManager.swift in Sources */ = {isa = PBXBuildFile; fileRef = A4EDEB1328CDDFAF00331C91 /* TranslatorManager.swift */; };
		A4EDEB1628CDE60400331C91 /* ImageProcessor.swift in Sources */ = {isa = PBXBuildFile; fileRef = A4EDEB1528CDE60400331C91 /* ImageProcessor.swift */; };
		A4EDEB1928CDE71700331C91 /* Synopsis.swift in Sources */ = {isa = PBXBuildFile; fileRef = A4EDEB1828CDE71700331C91 /* Synopsis.swift */; };
		A4EF4DBA28A812B4003ED8EC /* UIImage + Crop.swift in Sources */ = {isa = PBXBuildFile; fileRef = A4EF4DB928A812B4003ED8EC /* UIImage + Crop.swift */; };
		A4EF4DD028AD25EF003ED8EC /* MangaCoordinator.swift in Sources */ = {isa = PBXBuildFile; fileRef = A4EF4DCF28AD25EF003ED8EC /* MangaCoordinator.swift */; };
		A4EF4DD528AD2C78003ED8EC /* SingleMangaViewController.swift in Sources */ = {isa = PBXBuildFile; fileRef = A4EF4DD428AD2C78003ED8EC /* SingleMangaViewController.swift */; };
		A4EF4DD928AD3117003ED8EC /* SingleMangaViewModel.swift in Sources */ = {isa = PBXBuildFile; fileRef = A4EF4DD828AD3117003ED8EC /* SingleMangaViewModel.swift */; };
		A4EF4DDC28AD3191003ED8EC /* PageViewData.swift in Sources */ = {isa = PBXBuildFile; fileRef = A4EF4DDB28AD3191003ED8EC /* PageViewData.swift */; };
/* End PBXBuildFile section */

/* Begin PBXFileReference section */
		44FD2EA353DF4E76FA271A0D /* Pods-mangaque.debug.xcconfig */ = {isa = PBXFileReference; includeInIndex = 1; lastKnownFileType = text.xcconfig; name = "Pods-mangaque.debug.xcconfig"; path = "Target Support Files/Pods-mangaque/Pods-mangaque.debug.xcconfig"; sourceTree = "<group>"; };
		7F71C5195EA00DD16A81AC27 /* Pods-mangaque.release.xcconfig */ = {isa = PBXFileReference; includeInIndex = 1; lastKnownFileType = text.xcconfig; name = "Pods-mangaque.release.xcconfig"; path = "Target Support Files/Pods-mangaque/Pods-mangaque.release.xcconfig"; sourceTree = "<group>"; };
		9B346FDF28A3EE0000861B20 /* R.generated.swift */ = {isa = PBXFileReference; fileEncoding = 4; lastKnownFileType = sourcecode.swift; path = R.generated.swift; sourceTree = SOURCE_ROOT; };
		9B34700428A56DF800861B20 /* MangaCollectionViewCell.swift */ = {isa = PBXFileReference; lastKnownFileType = sourcecode.swift; path = MangaCollectionViewCell.swift; sourceTree = "<group>"; };
		9B34700B28A581CE00861B20 /* Colours.xcassets */ = {isa = PBXFileReference; lastKnownFileType = folder.assetcatalog; path = Colours.xcassets; sourceTree = "<group>"; };
		9B98315328A2D7E80053A472 /* mangaque.app */ = {isa = PBXFileReference; explicitFileType = wrapper.application; includeInIndex = 0; path = mangaque.app; sourceTree = BUILT_PRODUCTS_DIR; };
		9B98315628A2D7E80053A472 /* AppDelegate.swift */ = {isa = PBXFileReference; lastKnownFileType = sourcecode.swift; path = AppDelegate.swift; sourceTree = "<group>"; };
		9B98315828A2D7E80053A472 /* SceneDelegate.swift */ = {isa = PBXFileReference; lastKnownFileType = sourcecode.swift; path = SceneDelegate.swift; sourceTree = "<group>"; };
		9B98315F28A2D7E80053A472 /* Assets.xcassets */ = {isa = PBXFileReference; lastKnownFileType = folder.assetcatalog; path = Assets.xcassets; sourceTree = "<group>"; };
		9B98316428A2D7E80053A472 /* Info.plist */ = {isa = PBXFileReference; lastKnownFileType = text.plist.xml; path = Info.plist; sourceTree = "<group>"; };
		9B98317528A3B42E0053A472 /* Configuration.swift */ = {isa = PBXFileReference; lastKnownFileType = sourcecode.swift; path = Configuration.swift; sourceTree = "<group>"; };
		9B98318028A3DB5D0053A472 /* AggregateModel.swift */ = {isa = PBXFileReference; lastKnownFileType = sourcecode.swift; path = AggregateModel.swift; sourceTree = "<group>"; };
		9B98318728A3E06F0053A472 /* MangaViewData.swift */ = {isa = PBXFileReference; lastKnownFileType = sourcecode.swift; path = MangaViewData.swift; sourceTree = "<group>"; };
		A410698728D20E7A005D7CDA /* SearchCoordinator.swift */ = {isa = PBXFileReference; lastKnownFileType = sourcecode.swift; path = SearchCoordinator.swift; sourceTree = "<group>"; };
		A41069AB28D35681005D7CDA /* UIColor + TextColor.swift */ = {isa = PBXFileReference; lastKnownFileType = sourcecode.swift; path = "UIColor + TextColor.swift"; sourceTree = "<group>"; };
		A41069AD28D356AF005D7CDA /* CGImage + AverageColor.swift */ = {isa = PBXFileReference; lastKnownFileType = sourcecode.swift; path = "CGImage + AverageColor.swift"; sourceTree = "<group>"; };
		A41069AF28D356E6005D7CDA /* UIColor + Blend.swift */ = {isa = PBXFileReference; lastKnownFileType = sourcecode.swift; path = "UIColor + Blend.swift"; sourceTree = "<group>"; };
		A41069B128D356FB005D7CDA /* Array + Group.swift */ = {isa = PBXFileReference; lastKnownFileType = sourcecode.swift; path = "Array + Group.swift"; sourceTree = "<group>"; };
		A41069B328D35722005D7CDA /* UIImage + ScaleOrient.swift */ = {isa = PBXFileReference; lastKnownFileType = sourcecode.swift; path = "UIImage + ScaleOrient.swift"; sourceTree = "<group>"; };
		A41069B528D35742005D7CDA /* CGRect + ConvertBounds.swift */ = {isa = PBXFileReference; lastKnownFileType = sourcecode.swift; path = "CGRect + ConvertBounds.swift"; sourceTree = "<group>"; };
		A41069B728D379CE005D7CDA /* Navigatable.swift */ = {isa = PBXFileReference; lastKnownFileType = sourcecode.swift; path = Navigatable.swift; sourceTree = "<group>"; };
		A4819FCF28AE33AA008D9EAB /* ChapterDataModel.swift */ = {isa = PBXFileReference; lastKnownFileType = sourcecode.swift; path = ChapterDataModel.swift; sourceTree = "<group>"; };
		A4819FD228AE38D7008D9EAB /* MangaPageTableView.swift */ = {isa = PBXFileReference; lastKnownFileType = sourcecode.swift; path = MangaPageTableView.swift; sourceTree = "<group>"; };
		A4819FD428AE38FA008D9EAB /* MangaPageTableViewCell.swift */ = {isa = PBXFileReference; lastKnownFileType = sourcecode.swift; path = MangaPageTableViewCell.swift; sourceTree = "<group>"; };
		A4819FDD28AF705C008D9EAB /* MangaErrors.swift */ = {isa = PBXFileReference; lastKnownFileType = sourcecode.swift; path = MangaErrors.swift; sourceTree = "<group>"; };
		A493BC8528D4999E0009FE2B /* Coordinator.swift */ = {isa = PBXFileReference; lastKnownFileType = sourcecode.swift; path = Coordinator.swift; sourceTree = "<group>"; };
		A4C962F234FAB7EA14E75945 /* Pods_mangaque.framework */ = {isa = PBXFileReference; explicitFileType = wrapper.framework; includeInIndex = 0; path = Pods_mangaque.framework; sourceTree = BUILT_PRODUCTS_DIR; };
		A4EDEAA728BCF9BA00331C91 /* ViewModel.swift */ = {isa = PBXFileReference; lastKnownFileType = sourcecode.swift; path = ViewModel.swift; sourceTree = "<group>"; };
		A4EDEAAD28BDF2C600331C91 /* ViewController.swift */ = {isa = PBXFileReference; lastKnownFileType = sourcecode.swift; path = ViewController.swift; sourceTree = "<group>"; };
		A4EDEAB728BE1C2600331C91 /* UIView + Blur.swift */ = {isa = PBXFileReference; lastKnownFileType = sourcecode.swift; path = "UIView + Blur.swift"; sourceTree = "<group>"; };
		A4EDEABC28BE4CA000331C91 /* SearchViewController.swift */ = {isa = PBXFileReference; lastKnownFileType = sourcecode.swift; path = SearchViewController.swift; sourceTree = "<group>"; };
		A4EDEABE28BE4CFD00331C91 /* SearchViewModel.swift */ = {isa = PBXFileReference; lastKnownFileType = sourcecode.swift; path = SearchViewModel.swift; sourceTree = "<group>"; };
		A4EDEAC328BE619400331C91 /* SearchCollectionView.swift */ = {isa = PBXFileReference; lastKnownFileType = sourcecode.swift; path = SearchCollectionView.swift; sourceTree = "<group>"; };
		A4EDEACB28BE655D00331C91 /* TableCell.swift */ = {isa = PBXFileReference; lastKnownFileType = sourcecode.swift; path = TableCell.swift; sourceTree = "<group>"; };
		A4EDEAD728C20B6800331C91 /* EmptyModel.swift */ = {isa = PBXFileReference; lastKnownFileType = sourcecode.swift; path = EmptyModel.swift; sourceTree = "<group>"; };
		A4EDEAF928C4DC4700331C91 /* SingleMangaAPI.swift */ = {isa = PBXFileReference; lastKnownFileType = sourcecode.swift; path = SingleMangaAPI.swift; sourceTree = "<group>"; };
		A4EDEAFB28C4DC7200331C91 /* MangaAPI.swift */ = {isa = PBXFileReference; lastKnownFileType = sourcecode.swift; path = MangaAPI.swift; sourceTree = "<group>"; };
		A4EDEB0C28CB257400331C91 /* ImageRedrawer.swift */ = {isa = PBXFileReference; lastKnownFileType = sourcecode.swift; path = ImageRedrawer.swift; sourceTree = "<group>"; };
		A4EDEB0F28CDDB4A00331C91 /* Secured.swift */ = {isa = PBXFileReference; lastKnownFileType = sourcecode.swift; path = Secured.swift; sourceTree = "<group>"; };
		A4EDEB1128CDDB9800331C91 /* TranslatorAPI.swift */ = {isa = PBXFileReference; lastKnownFileType = sourcecode.swift; path = TranslatorAPI.swift; sourceTree = "<group>"; };
		A4EDEB1328CDDFAF00331C91 /* TranslatorManager.swift */ = {isa = PBXFileReference; lastKnownFileType = sourcecode.swift; path = TranslatorManager.swift; sourceTree = "<group>"; };
		A4EDEB1528CDE60400331C91 /* ImageProcessor.swift */ = {isa = PBXFileReference; lastKnownFileType = sourcecode.swift; path = ImageProcessor.swift; sourceTree = "<group>"; };
		A4EDEB1828CDE71700331C91 /* Synopsis.swift */ = {isa = PBXFileReference; lastKnownFileType = sourcecode.swift; path = Synopsis.swift; sourceTree = "<group>"; };
		A4EF4DB928A812B4003ED8EC /* UIImage + Crop.swift */ = {isa = PBXFileReference; lastKnownFileType = sourcecode.swift; path = "UIImage + Crop.swift"; sourceTree = "<group>"; };
		A4EF4DCF28AD25EF003ED8EC /* MangaCoordinator.swift */ = {isa = PBXFileReference; lastKnownFileType = sourcecode.swift; path = MangaCoordinator.swift; sourceTree = "<group>"; };
		A4EF4DD428AD2C78003ED8EC /* SingleMangaViewController.swift */ = {isa = PBXFileReference; lastKnownFileType = sourcecode.swift; path = SingleMangaViewController.swift; sourceTree = "<group>"; };
		A4EF4DD828AD3117003ED8EC /* SingleMangaViewModel.swift */ = {isa = PBXFileReference; lastKnownFileType = sourcecode.swift; path = SingleMangaViewModel.swift; sourceTree = "<group>"; };
		A4EF4DDB28AD3191003ED8EC /* PageViewData.swift */ = {isa = PBXFileReference; lastKnownFileType = sourcecode.swift; path = PageViewData.swift; sourceTree = "<group>"; };
/* End PBXFileReference section */

/* Begin PBXFrameworksBuildPhase section */
		9B98315028A2D7E80053A472 /* Frameworks */ = {
			isa = PBXFrameworksBuildPhase;
			buildActionMask = 2147483647;
			files = (
				25A3780467993B5F7A96BD47 /* Pods_mangaque.framework in Frameworks */,
			);
			runOnlyForDeploymentPostprocessing = 0;
		};
/* End PBXFrameworksBuildPhase section */

/* Begin PBXGroup section */
		35E9FD874B4744CB30286B11 /* Frameworks */ = {
			isa = PBXGroup;
			children = (
				A4C962F234FAB7EA14E75945 /* Pods_mangaque.framework */,
			);
			name = Frameworks;
			sourceTree = "<group>";
		};
		418EF790E49FE4A9DCB6C5F1 /* Pods */ = {
			isa = PBXGroup;
			children = (
				44FD2EA353DF4E76FA271A0D /* Pods-mangaque.debug.xcconfig */,
				7F71C5195EA00DD16A81AC27 /* Pods-mangaque.release.xcconfig */,
			);
			path = Pods;
			sourceTree = "<group>";
		};
		9B346FF628A50EC100861B20 /* Modules */ = {
			isa = PBXGroup;
			children = (
				A4EDEABB28BE4C9200331C91 /* SearchScreen */,
				A4EF4DD328AD2C58003ED8EC /* SingleMangaScreen */,
			);
			path = Modules;
			sourceTree = "<group>";
		};
		9B98314A28A2D7E80053A472 = {
			isa = PBXGroup;
			children = (
				9B98315528A2D7E80053A472 /* mangaque */,
				9B98315428A2D7E80053A472 /* Products */,
				418EF790E49FE4A9DCB6C5F1 /* Pods */,
				35E9FD874B4744CB30286B11 /* Frameworks */,
			);
			sourceTree = "<group>";
		};
		9B98315428A2D7E80053A472 /* Products */ = {
			isa = PBXGroup;
			children = (
				9B98315328A2D7E80053A472 /* mangaque.app */,
			);
			name = Products;
			sourceTree = "<group>";
		};
		9B98315528A2D7E80053A472 /* mangaque */ = {
			isa = PBXGroup;
			children = (
				A4EDEB0E28CB33A500331C91 /* Secured */,
				9B98316C28A2DA3F0053A472 /* Network */,
				A4EDEAA628BCF9AC00331C91 /* Common */,
				A4EF4DB828A812A7003ED8EC /* Extensions */,
				9B346FF628A50EC100861B20 /* Modules */,
				9B98317428A3B3CF0053A472 /* Data */,
				9B98317328A2DD9D0053A472 /* Application */,
			);
			path = mangaque;
			sourceTree = "<group>";
		};
		9B98316C28A2DA3F0053A472 /* Network */ = {
			isa = PBXGroup;
			children = (
				9B98316E28A2DA590053A472 /* Managers */,
				9B98316D28A2DA4F0053A472 /* API */,
			);
			path = Network;
			sourceTree = "<group>";
		};
		9B98316D28A2DA4F0053A472 /* API */ = {
			isa = PBXGroup;
			children = (
				A4EDEAFB28C4DC7200331C91 /* MangaAPI.swift */,
				A4EDEB1128CDDB9800331C91 /* TranslatorAPI.swift */,
				A4EDEAF928C4DC4700331C91 /* SingleMangaAPI.swift */,
			);
			path = API;
			sourceTree = "<group>";
		};
		9B98316E28A2DA590053A472 /* Managers */ = {
			isa = PBXGroup;
			children = (
				A4EDEB0C28CB257400331C91 /* ImageRedrawer.swift */,
				A4EDEB1328CDDFAF00331C91 /* TranslatorManager.swift */,
				A4EDEB1528CDE60400331C91 /* ImageProcessor.swift */,
			);
			path = Managers;
			sourceTree = "<group>";
		};
		9B98317328A2DD9D0053A472 /* Application */ = {
			isa = PBXGroup;
			children = (
				9B346FDF28A3EE0000861B20 /* R.generated.swift */,
				9B98318A28A3E1850053A472 /* Assets */,
				9B98315628A2D7E80053A472 /* AppDelegate.swift */,
				9B98315828A2D7E80053A472 /* SceneDelegate.swift */,
				9B98316428A2D7E80053A472 /* Info.plist */,
			);
			path = Application;
			sourceTree = "<group>";
		};
		9B98317428A3B3CF0053A472 /* Data */ = {
			isa = PBXGroup;
			children = (
				9B98317B28A3BBC30053A472 /* DataModels */,
				9B98317528A3B42E0053A472 /* Configuration.swift */,
			);
			path = Data;
			sourceTree = "<group>";
		};
		9B98317B28A3BBC30053A472 /* DataModels */ = {
			isa = PBXGroup;
			children = (
				9B98318028A3DB5D0053A472 /* AggregateModel.swift */,
				A4819FCF28AE33AA008D9EAB /* ChapterDataModel.swift */,
				A4EDEB1828CDE71700331C91 /* Synopsis.swift */,
			);
			path = DataModels;
			sourceTree = "<group>";
		};
		9B98318A28A3E1850053A472 /* Assets */ = {
			isa = PBXGroup;
			children = (
				9B98315F28A2D7E80053A472 /* Assets.xcassets */,
				9B34700B28A581CE00861B20 /* Colours.xcassets */,
			);
			path = Assets;
			sourceTree = "<group>";
		};
		A4EDEAA628BCF9AC00331C91 /* Common */ = {
			isa = PBXGroup;
			children = (
				A4EDEAA728BCF9BA00331C91 /* ViewModel.swift */,
				A4EDEAAC28BDF2B700331C91 /* UI */,
				A4819FDD28AF705C008D9EAB /* MangaErrors.swift */,
				A4EDEAD728C20B6800331C91 /* EmptyModel.swift */,
				A41069B728D379CE005D7CDA /* Navigatable.swift */,
				A493BC8528D4999E0009FE2B /* Coordinator.swift */,
			);
			path = Common;
			sourceTree = "<group>";
		};
		A4EDEAAC28BDF2B700331C91 /* UI */ = {
			isa = PBXGroup;
			children = (
				A4EDEAAD28BDF2C600331C91 /* ViewController.swift */,
				A4EDEACB28BE655D00331C91 /* TableCell.swift */,
			);
			path = UI;
			sourceTree = "<group>";
		};
		A4EDEABB28BE4C9200331C91 /* SearchScreen */ = {
			isa = PBXGroup;
			children = (
				A4EF4DCF28AD25EF003ED8EC /* MangaCoordinator.swift */,
				A4EDEAC228BE614900331C91 /* Views */,
				A4EDEABC28BE4CA000331C91 /* SearchViewController.swift */,
				A4EDEABE28BE4CFD00331C91 /* SearchViewModel.swift */,
				9B98318728A3E06F0053A472 /* MangaViewData.swift */,
				A410698728D20E7A005D7CDA /* SearchCoordinator.swift */,
			);
			path = SearchScreen;
			sourceTree = "<group>";
		};
		A4EDEAC228BE614900331C91 /* Views */ = {
			isa = PBXGroup;
			children = (
				A4EDEAC328BE619400331C91 /* SearchCollectionView.swift */,
				9B34700428A56DF800861B20 /* MangaCollectionViewCell.swift */,
			);
			path = Views;
			sourceTree = "<group>";
		};
		A4EDEB0E28CB33A500331C91 /* Secured */ = {
			isa = PBXGroup;
			children = (
				A4EDEB0F28CDDB4A00331C91 /* Secured.swift */,
			);
			path = Secured;
			sourceTree = "<group>";
		};
		A4EF4DB828A812A7003ED8EC /* Extensions */ = {
			isa = PBXGroup;
			children = (
				A4EF4DB928A812B4003ED8EC /* UIImage + Crop.swift */,
				A4EDEAB728BE1C2600331C91 /* UIView + Blur.swift */,
				A41069AB28D35681005D7CDA /* UIColor + TextColor.swift */,
				A41069AD28D356AF005D7CDA /* CGImage + AverageColor.swift */,
				A41069AF28D356E6005D7CDA /* UIColor + Blend.swift */,
				A41069B128D356FB005D7CDA /* Array + Group.swift */,
				A41069B328D35722005D7CDA /* UIImage + ScaleOrient.swift */,
				A41069B528D35742005D7CDA /* CGRect + ConvertBounds.swift */,
			);
			path = Extensions;
			sourceTree = "<group>";
		};
		A4EF4DD328AD2C58003ED8EC /* SingleMangaScreen */ = {
			isa = PBXGroup;
			children = (
				A4EF4DDB28AD3191003ED8EC /* PageViewData.swift */,
				A4EF4DD828AD3117003ED8EC /* SingleMangaViewModel.swift */,
				A4EF4DD428AD2C78003ED8EC /* SingleMangaViewController.swift */,
				A4EF4DD628AD2C93003ED8EC /* Views */,
			);
			path = SingleMangaScreen;
			sourceTree = "<group>";
		};
		A4EF4DD628AD2C93003ED8EC /* Views */ = {
			isa = PBXGroup;
			children = (
				A4819FD228AE38D7008D9EAB /* MangaPageTableView.swift */,
				A4819FD428AE38FA008D9EAB /* MangaPageTableViewCell.swift */,
			);
			path = Views;
			sourceTree = "<group>";
		};
/* End PBXGroup section */

/* Begin PBXNativeTarget section */
		9B98315228A2D7E80053A472 /* mangaque */ = {
			isa = PBXNativeTarget;
			buildConfigurationList = 9B98316728A2D7E80053A472 /* Build configuration list for PBXNativeTarget "mangaque" */;
			buildPhases = (
				355CA71F1F3EF664C153399E /* [CP] Check Pods Manifest.lock */,
				9B346FDE28A3ED1E00861B20 /* ShellScript */,
				9B98314F28A2D7E80053A472 /* Sources */,
				9B98315028A2D7E80053A472 /* Frameworks */,
				9B98315128A2D7E80053A472 /* Resources */,
				50E8CDC8443CEC374D9FB4AD /* [CP] Embed Pods Frameworks */,
			);
			buildRules = (
			);
			dependencies = (
			);
			name = mangaque;
			packageProductDependencies = (
			);
			productName = mangaque;
			productReference = 9B98315328A2D7E80053A472 /* mangaque.app */;
			productType = "com.apple.product-type.application";
		};
/* End PBXNativeTarget section */

/* Begin PBXProject section */
		9B98314B28A2D7E80053A472 /* Project object */ = {
			isa = PBXProject;
			attributes = {
				BuildIndependentTargetsInParallel = 1;
				LastSwiftUpdateCheck = 1340;
				LastUpgradeCheck = 1340;
				TargetAttributes = {
					9B98315228A2D7E80053A472 = {
						CreatedOnToolsVersion = 13.4;
					};
				};
			};
			buildConfigurationList = 9B98314E28A2D7E80053A472 /* Build configuration list for PBXProject "mangaque" */;
			compatibilityVersion = "Xcode 13.0";
			developmentRegion = en;
			hasScannedForEncodings = 0;
			knownRegions = (
				en,
				Base,
			);
			mainGroup = 9B98314A28A2D7E80053A472;
			packageReferences = (
			);
			productRefGroup = 9B98315428A2D7E80053A472 /* Products */;
			projectDirPath = "";
			projectRoot = "";
			targets = (
				9B98315228A2D7E80053A472 /* mangaque */,
			);
		};
/* End PBXProject section */

/* Begin PBXResourcesBuildPhase section */
		9B98315128A2D7E80053A472 /* Resources */ = {
			isa = PBXResourcesBuildPhase;
			buildActionMask = 2147483647;
			files = (
				9B98318E28A3E2CA0053A472 /* Assets.xcassets in Resources */,
				9B34700C28A581CE00861B20 /* Colours.xcassets in Resources */,
			);
			runOnlyForDeploymentPostprocessing = 0;
		};
/* End PBXResourcesBuildPhase section */

/* Begin PBXShellScriptBuildPhase section */
		355CA71F1F3EF664C153399E /* [CP] Check Pods Manifest.lock */ = {
			isa = PBXShellScriptBuildPhase;
			buildActionMask = 2147483647;
			files = (
			);
			inputFileListPaths = (
			);
			inputPaths = (
				"${PODS_PODFILE_DIR_PATH}/Podfile.lock",
				"${PODS_ROOT}/Manifest.lock",
			);
			name = "[CP] Check Pods Manifest.lock";
			outputFileListPaths = (
			);
			outputPaths = (
				"$(DERIVED_FILE_DIR)/Pods-mangaque-checkManifestLockResult.txt",
			);
			runOnlyForDeploymentPostprocessing = 0;
			shellPath = /bin/sh;
			shellScript = "diff \"${PODS_PODFILE_DIR_PATH}/Podfile.lock\" \"${PODS_ROOT}/Manifest.lock\" > /dev/null\nif [ $? != 0 ] ; then\n    # print error to STDERR\n    echo \"error: The sandbox is not in sync with the Podfile.lock. Run 'pod install' or update your CocoaPods installation.\" >&2\n    exit 1\nfi\n# This output is used by Xcode 'outputs' to avoid re-running this script phase.\necho \"SUCCESS\" > \"${SCRIPT_OUTPUT_FILE_0}\"\n";
			showEnvVarsInLog = 0;
		};
		50E8CDC8443CEC374D9FB4AD /* [CP] Embed Pods Frameworks */ = {
			isa = PBXShellScriptBuildPhase;
			buildActionMask = 2147483647;
			files = (
			);
			inputFileListPaths = (
				"${PODS_ROOT}/Target Support Files/Pods-mangaque/Pods-mangaque-frameworks-${CONFIGURATION}-input-files.xcfilelist",
			);
			name = "[CP] Embed Pods Frameworks";
			outputFileListPaths = (
				"${PODS_ROOT}/Target Support Files/Pods-mangaque/Pods-mangaque-frameworks-${CONFIGURATION}-output-files.xcfilelist",
			);
			runOnlyForDeploymentPostprocessing = 0;
			shellPath = /bin/sh;
			shellScript = "\"${PODS_ROOT}/Target Support Files/Pods-mangaque/Pods-mangaque-frameworks.sh\"\n";
			showEnvVarsInLog = 0;
		};
		9B346FDE28A3ED1E00861B20 /* ShellScript */ = {
			isa = PBXShellScriptBuildPhase;
			alwaysOutOfDate = 1;
			buildActionMask = 2147483647;
			files = (
			);
			inputFileListPaths = (
			);
			inputPaths = (
			);
			outputFileListPaths = (
			);
			outputPaths = (
				$SRCROOT/R.generated.swift,
			);
			runOnlyForDeploymentPostprocessing = 0;
			shellPath = /bin/sh;
			shellScript = "# Type a script or drag a script file from your workspace to insert its path.\n\"$PODS_ROOT/R.swift/rswift\" generate \"$SRCROOT/R.generated.swift\"\n";
		};
/* End PBXShellScriptBuildPhase section */

/* Begin PBXSourcesBuildPhase section */
		9B98314F28A2D7E80053A472 /* Sources */ = {
			isa = PBXSourcesBuildPhase;
			buildActionMask = 2147483647;
			files = (
				A4EDEB0D28CB257400331C91 /* ImageRedrawer.swift in Sources */,
				A4EF4DD028AD25EF003ED8EC /* MangaCoordinator.swift in Sources */,
				A4EDEAB828BE1C2600331C91 /* UIView + Blur.swift in Sources */,
				9B346FE028A3EE0000861B20 /* R.generated.swift in Sources */,
				A4EDEABF28BE4CFD00331C91 /* SearchViewModel.swift in Sources */,
				A4EDEB1428CDDFAF00331C91 /* TranslatorManager.swift in Sources */,
				A4EDEB1628CDE60400331C91 /* ImageProcessor.swift in Sources */,
				9B98318828A3E06F0053A472 /* MangaViewData.swift in Sources */,
				9B98317628A3B42E0053A472 /* Configuration.swift in Sources */,
				A4819FD328AE38D7008D9EAB /* MangaPageTableView.swift in Sources */,
				A41069B828D379CE005D7CDA /* Navigatable.swift in Sources */,
				A41069B428D35722005D7CDA /* UIImage + ScaleOrient.swift in Sources */,
				A4819FDE28AF705C008D9EAB /* MangaErrors.swift in Sources */,
				A410698828D20E7A005D7CDA /* SearchCoordinator.swift in Sources */,
				A4EDEAA828BCF9BA00331C91 /* ViewModel.swift in Sources */,
				A4EF4DBA28A812B4003ED8EC /* UIImage + Crop.swift in Sources */,
				9B98315728A2D7E80053A472 /* AppDelegate.swift in Sources */,
				A41069AC28D35681005D7CDA /* UIColor + TextColor.swift in Sources */,
				9B98318128A3DB5D0053A472 /* AggregateModel.swift in Sources */,
				9B34700528A56DF800861B20 /* MangaCollectionViewCell.swift in Sources */,
				A4EDEACC28BE655D00331C91 /* TableCell.swift in Sources */,
				A4EDEB1928CDE71700331C91 /* Synopsis.swift in Sources */,
				A493BC8628D4999E0009FE2B /* Coordinator.swift in Sources */,
				A41069B628D35742005D7CDA /* CGRect + ConvertBounds.swift in Sources */,
				A41069B228D356FB005D7CDA /* Array + Group.swift in Sources */,
				9B98315928A2D7E80053A472 /* SceneDelegate.swift in Sources */,
				A4EDEAFC28C4DC7200331C91 /* MangaAPI.swift in Sources */,
				A4819FD528AE38FA008D9EAB /* MangaPageTableViewCell.swift in Sources */,
				A4EF4DD528AD2C78003ED8EC /* SingleMangaViewController.swift in Sources */,
				A41069AE28D356AF005D7CDA /* CGImage + AverageColor.swift in Sources */,
				A4EDEAAE28BDF2C600331C91 /* ViewController.swift in Sources */,
				A4EDEABD28BE4CA000331C91 /* SearchViewController.swift in Sources */,
				A4EDEAFA28C4DC4700331C91 /* SingleMangaAPI.swift in Sources */,
				A4EF4DD928AD3117003ED8EC /* SingleMangaViewModel.swift in Sources */,
				A4EDEAD828C20B6800331C91 /* EmptyModel.swift in Sources */,
				A41069B028D356E6005D7CDA /* UIColor + Blend.swift in Sources */,
				A4EDEB1228CDDB9800331C91 /* TranslatorAPI.swift in Sources */,
				A4819FD028AE33AA008D9EAB /* ChapterDataModel.swift in Sources */,
				A4EF4DDC28AD3191003ED8EC /* PageViewData.swift in Sources */,
				A4EDEAC428BE619400331C91 /* SearchCollectionView.swift in Sources */,
				A4EDEB1028CDDB4A00331C91 /* Secured.swift in Sources */,
			);
			runOnlyForDeploymentPostprocessing = 0;
		};
/* End PBXSourcesBuildPhase section */

/* Begin XCBuildConfiguration section */
		9B98316528A2D7E80053A472 /* Debug */ = {
			isa = XCBuildConfiguration;
			buildSettings = {
				ALWAYS_SEARCH_USER_PATHS = NO;
				CLANG_ANALYZER_NONNULL = YES;
				CLANG_ANALYZER_NUMBER_OBJECT_CONVERSION = YES_AGGRESSIVE;
				CLANG_CXX_LANGUAGE_STANDARD = "gnu++17";
				CLANG_ENABLE_MODULES = YES;
				CLANG_ENABLE_OBJC_ARC = YES;
				CLANG_ENABLE_OBJC_WEAK = YES;
				CLANG_WARN_BLOCK_CAPTURE_AUTORELEASING = YES;
				CLANG_WARN_BOOL_CONVERSION = YES;
				CLANG_WARN_COMMA = YES;
				CLANG_WARN_CONSTANT_CONVERSION = YES;
				CLANG_WARN_DEPRECATED_OBJC_IMPLEMENTATIONS = YES;
				CLANG_WARN_DIRECT_OBJC_ISA_USAGE = YES_ERROR;
				CLANG_WARN_DOCUMENTATION_COMMENTS = YES;
				CLANG_WARN_EMPTY_BODY = YES;
				CLANG_WARN_ENUM_CONVERSION = YES;
				CLANG_WARN_INFINITE_RECURSION = YES;
				CLANG_WARN_INT_CONVERSION = YES;
				CLANG_WARN_NON_LITERAL_NULL_CONVERSION = YES;
				CLANG_WARN_OBJC_IMPLICIT_RETAIN_SELF = YES;
				CLANG_WARN_OBJC_LITERAL_CONVERSION = YES;
				CLANG_WARN_OBJC_ROOT_CLASS = YES_ERROR;
				CLANG_WARN_QUOTED_INCLUDE_IN_FRAMEWORK_HEADER = YES;
				CLANG_WARN_RANGE_LOOP_ANALYSIS = YES;
				CLANG_WARN_STRICT_PROTOTYPES = YES;
				CLANG_WARN_SUSPICIOUS_MOVE = YES;
				CLANG_WARN_UNGUARDED_AVAILABILITY = YES_AGGRESSIVE;
				CLANG_WARN_UNREACHABLE_CODE = YES;
				CLANG_WARN__DUPLICATE_METHOD_MATCH = YES;
				COPY_PHASE_STRIP = NO;
				DEBUG_INFORMATION_FORMAT = dwarf;
				ENABLE_STRICT_OBJC_MSGSEND = YES;
				ENABLE_TESTABILITY = YES;
				GCC_C_LANGUAGE_STANDARD = gnu11;
				GCC_DYNAMIC_NO_PIC = NO;
				GCC_NO_COMMON_BLOCKS = YES;
				GCC_OPTIMIZATION_LEVEL = 0;
				GCC_PREPROCESSOR_DEFINITIONS = (
					"DEBUG=1",
					"$(inherited)",
				);
				GCC_WARN_64_TO_32_BIT_CONVERSION = YES;
				GCC_WARN_ABOUT_RETURN_TYPE = YES_ERROR;
				GCC_WARN_UNDECLARED_SELECTOR = YES;
				GCC_WARN_UNINITIALIZED_AUTOS = YES_AGGRESSIVE;
				GCC_WARN_UNUSED_FUNCTION = YES;
				GCC_WARN_UNUSED_VARIABLE = YES;
				IPHONEOS_DEPLOYMENT_TARGET = 15.5;
				MTL_ENABLE_DEBUG_INFO = INCLUDE_SOURCE;
				MTL_FAST_MATH = YES;
				ONLY_ACTIVE_ARCH = YES;
				SDKROOT = iphoneos;
				SWIFT_ACTIVE_COMPILATION_CONDITIONS = DEBUG;
				SWIFT_OPTIMIZATION_LEVEL = "-Onone";
			};
			name = Debug;
		};
		9B98316628A2D7E80053A472 /* Release */ = {
			isa = XCBuildConfiguration;
			buildSettings = {
				ALWAYS_SEARCH_USER_PATHS = NO;
				CLANG_ANALYZER_NONNULL = YES;
				CLANG_ANALYZER_NUMBER_OBJECT_CONVERSION = YES_AGGRESSIVE;
				CLANG_CXX_LANGUAGE_STANDARD = "gnu++17";
				CLANG_ENABLE_MODULES = YES;
				CLANG_ENABLE_OBJC_ARC = YES;
				CLANG_ENABLE_OBJC_WEAK = YES;
				CLANG_WARN_BLOCK_CAPTURE_AUTORELEASING = YES;
				CLANG_WARN_BOOL_CONVERSION = YES;
				CLANG_WARN_COMMA = YES;
				CLANG_WARN_CONSTANT_CONVERSION = YES;
				CLANG_WARN_DEPRECATED_OBJC_IMPLEMENTATIONS = YES;
				CLANG_WARN_DIRECT_OBJC_ISA_USAGE = YES_ERROR;
				CLANG_WARN_DOCUMENTATION_COMMENTS = YES;
				CLANG_WARN_EMPTY_BODY = YES;
				CLANG_WARN_ENUM_CONVERSION = YES;
				CLANG_WARN_INFINITE_RECURSION = YES;
				CLANG_WARN_INT_CONVERSION = YES;
				CLANG_WARN_NON_LITERAL_NULL_CONVERSION = YES;
				CLANG_WARN_OBJC_IMPLICIT_RETAIN_SELF = YES;
				CLANG_WARN_OBJC_LITERAL_CONVERSION = YES;
				CLANG_WARN_OBJC_ROOT_CLASS = YES_ERROR;
				CLANG_WARN_QUOTED_INCLUDE_IN_FRAMEWORK_HEADER = YES;
				CLANG_WARN_RANGE_LOOP_ANALYSIS = YES;
				CLANG_WARN_STRICT_PROTOTYPES = YES;
				CLANG_WARN_SUSPICIOUS_MOVE = YES;
				CLANG_WARN_UNGUARDED_AVAILABILITY = YES_AGGRESSIVE;
				CLANG_WARN_UNREACHABLE_CODE = YES;
				CLANG_WARN__DUPLICATE_METHOD_MATCH = YES;
				COPY_PHASE_STRIP = NO;
				DEBUG_INFORMATION_FORMAT = "dwarf-with-dsym";
				ENABLE_NS_ASSERTIONS = NO;
				ENABLE_STRICT_OBJC_MSGSEND = YES;
				GCC_C_LANGUAGE_STANDARD = gnu11;
				GCC_NO_COMMON_BLOCKS = YES;
				GCC_WARN_64_TO_32_BIT_CONVERSION = YES;
				GCC_WARN_ABOUT_RETURN_TYPE = YES_ERROR;
				GCC_WARN_UNDECLARED_SELECTOR = YES;
				GCC_WARN_UNINITIALIZED_AUTOS = YES_AGGRESSIVE;
				GCC_WARN_UNUSED_FUNCTION = YES;
				GCC_WARN_UNUSED_VARIABLE = YES;
				IPHONEOS_DEPLOYMENT_TARGET = 15.5;
				MTL_ENABLE_DEBUG_INFO = NO;
				MTL_FAST_MATH = YES;
				SDKROOT = iphoneos;
				SWIFT_COMPILATION_MODE = wholemodule;
				SWIFT_OPTIMIZATION_LEVEL = "-O";
				VALIDATE_PRODUCT = YES;
			};
			name = Release;
		};
		9B98316828A2D7E80053A472 /* Debug */ = {
			isa = XCBuildConfiguration;
			baseConfigurationReference = 44FD2EA353DF4E76FA271A0D /* Pods-mangaque.debug.xcconfig */;
			buildSettings = {
				ASSETCATALOG_COMPILER_APPICON_NAME = AppIcon;
				ASSETCATALOG_COMPILER_GLOBAL_ACCENT_COLOR_NAME = AccentColor;
				CODE_SIGN_STYLE = Automatic;
				CURRENT_PROJECT_VERSION = 1;
				DEVELOPMENT_TEAM = 4Y587KMYF2;
				GENERATE_INFOPLIST_FILE = YES;
				INFOPLIST_FILE = mangaque/Application/Info.plist;
				INFOPLIST_KEY_UIApplicationSupportsIndirectInputEvents = YES;
				INFOPLIST_KEY_UILaunchStoryboardName = LaunchScreen;
				INFOPLIST_KEY_UISupportedInterfaceOrientations_iPad = "UIInterfaceOrientationPortrait UIInterfaceOrientationPortraitUpsideDown UIInterfaceOrientationLandscapeLeft UIInterfaceOrientationLandscapeRight";
				INFOPLIST_KEY_UISupportedInterfaceOrientations_iPhone = "UIInterfaceOrientationPortrait UIInterfaceOrientationLandscapeLeft UIInterfaceOrientationLandscapeRight";
				IPHONEOS_DEPLOYMENT_TARGET = 15.0;
				LD_RUNPATH_SEARCH_PATHS = (
					"$(inherited)",
					"@executable_path/Frameworks",
				);
				MARKETING_VERSION = 1.0;
				PRODUCT_BUNDLE_IDENTIFIER = app.mangaque;
				PRODUCT_NAME = "$(TARGET_NAME)";
				SWIFT_EMIT_LOC_STRINGS = YES;
				SWIFT_VERSION = 5.0;
				TARGETED_DEVICE_FAMILY = "1,2";
			};
			name = Debug;
		};
		9B98316928A2D7E80053A472 /* Release */ = {
			isa = XCBuildConfiguration;
			baseConfigurationReference = 7F71C5195EA00DD16A81AC27 /* Pods-mangaque.release.xcconfig */;
			buildSettings = {
				ASSETCATALOG_COMPILER_APPICON_NAME = AppIcon;
				ASSETCATALOG_COMPILER_GLOBAL_ACCENT_COLOR_NAME = AccentColor;
				CODE_SIGN_STYLE = Automatic;
				CURRENT_PROJECT_VERSION = 1;
				DEVELOPMENT_TEAM = 4Y587KMYF2;
				GENERATE_INFOPLIST_FILE = YES;
				INFOPLIST_FILE = mangaque/Application/Info.plist;
				INFOPLIST_KEY_UIApplicationSupportsIndirectInputEvents = YES;
				INFOPLIST_KEY_UILaunchStoryboardName = LaunchScreen;
				INFOPLIST_KEY_UISupportedInterfaceOrientations_iPad = "UIInterfaceOrientationPortrait UIInterfaceOrientationPortraitUpsideDown UIInterfaceOrientationLandscapeLeft UIInterfaceOrientationLandscapeRight";
				INFOPLIST_KEY_UISupportedInterfaceOrientations_iPhone = "UIInterfaceOrientationPortrait UIInterfaceOrientationLandscapeLeft UIInterfaceOrientationLandscapeRight";
				IPHONEOS_DEPLOYMENT_TARGET = 15.0;
				LD_RUNPATH_SEARCH_PATHS = (
					"$(inherited)",
					"@executable_path/Frameworks",
				);
				MARKETING_VERSION = 1.0;
				PRODUCT_BUNDLE_IDENTIFIER = app.mangaque;
				PRODUCT_NAME = "$(TARGET_NAME)";
				SWIFT_EMIT_LOC_STRINGS = YES;
				SWIFT_VERSION = 5.0;
				TARGETED_DEVICE_FAMILY = "1,2";
			};
			name = Release;
		};
/* End XCBuildConfiguration section */

/* Begin XCConfigurationList section */
		9B98314E28A2D7E80053A472 /* Build configuration list for PBXProject "mangaque" */ = {
			isa = XCConfigurationList;
			buildConfigurations = (
				9B98316528A2D7E80053A472 /* Debug */,
				9B98316628A2D7E80053A472 /* Release */,
			);
			defaultConfigurationIsVisible = 0;
			defaultConfigurationName = Release;
		};
		9B98316728A2D7E80053A472 /* Build configuration list for PBXNativeTarget "mangaque" */ = {
			isa = XCConfigurationList;
			buildConfigurations = (
				9B98316828A2D7E80053A472 /* Debug */,
				9B98316928A2D7E80053A472 /* Release */,
			);
			defaultConfigurationIsVisible = 0;
			defaultConfigurationName = Release;
		};
/* End XCConfigurationList section */
	};
	rootObject = 9B98314B28A2D7E80053A472 /* Project object */;
}
